
Microsoft Visual Studio Solution File, Format Version 12.00
# Visual Studio Version 17
VisualStudioVersion = 17.0.31912.275
MinimumVisualStudioVersion = 10.0.40219.1
Project("{9A19103F-16F7-4668-BE54-9A1E7A4F7556}") = "ExportsJuntos", "ExportsJuntos\ExportsJuntos.csproj", "{D457AF0A-C1CA-430F-9D27-32B02D3F54BD}"
EndProject
Project("{FAE04EC0-301F-11D3-BF4B-00C04F79EFBC}") = "Benchmark", "Benchmark\Benchmark.csproj", "{FF0E9B27-61E7-49A8-A969-3985BEF56E65}"
EndProject
Global
	GlobalSection(SolutionConfigurationPlatforms) = preSolution
		Debug|Any CPU = Debug|Any CPU
		Release|Any CPU = Release|Any CPU
	EndGlobalSection
	GlobalSection(ProjectConfigurationPlatforms) = postSolution
		{D457AF0A-C1CA-430F-9D27-32B02D3F54BD}.Debug|Any CPU.ActiveCfg = Debug|Any CPU
		{D457AF0A-C1CA-430F-9D27-32B02D3F54BD}.Debug|Any CPU.Build.0 = Debug|Any CPU
		{D457AF0A-C1CA-430F-9D27-32B02D3F54BD}.Release|Any CPU.ActiveCfg = Release|Any CPU
		{D457AF0A-C1CA-430F-9D27-32B02D3F54BD}.Release|Any CPU.Build.0 = Release|Any CPU
		{FF0E9B27-61E7-49A8-A969-3985BEF56E65}.Debug|Any CPU.ActiveCfg = Debug|Any CPU
		{FF0E9B27-61E7-49A8-A969-3985BEF56E65}.Debug|Any CPU.Build.0 = Debug|Any CPU
		{FF0E9B27-61E7-49A8-A969-3985BEF56E65}.Release|Any CPU.ActiveCfg = Release|Any CPU
		{FF0E9B27-61E7-49A8-A969-3985BEF56E65}.Release|Any CPU.Build.0 = Release|Any CPU
	EndGlobalSection
	GlobalSection(SolutionProperties) = preSolution
		HideSolutionNode = FALSE
	EndGlobalSection
	GlobalSection(ExtensibilityGlobals) = postSolution
		SolutionGuid = {AAD33314-7A8C-41EB-A4F0-7DB610E55F47}
	EndGlobalSection
EndGlobal
